
Microsoft Visual Studio Solution File, Format Version 12.00
# Visual Studio Version 16
VisualStudioVersion = 16.0.31129.286
MinimumVisualStudioVersion = 10.0.40219.1
Project("{FAE04EC0-301F-11D3-BF4B-00C04F79EFBC}") = "RestWithASPNETUdemy", "RestWithASPNETUdemy\RestWithASPNETUdemy.csproj", "{BC5C14EE-425D-4599-81E2-6E946B5BE8FF}"
EndProject
Global
	GlobalSection(SolutionConfigurationPlatforms) = preSolution
		Debug|Any CPU = Debug|Any CPU
		Release|Any CPU = Release|Any CPU
	EndGlobalSection
	GlobalSection(ProjectConfigurationPlatforms) = postSolution
		{BC5C14EE-425D-4599-81E2-6E946B5BE8FF}.Debug|Any CPU.ActiveCfg = Debug|Any CPU
		{BC5C14EE-425D-4599-81E2-6E946B5BE8FF}.Debug|Any CPU.Build.0 = Debug|Any CPU
		{BC5C14EE-425D-4599-81E2-6E946B5BE8FF}.Release|Any CPU.ActiveCfg = Release|Any CPU
		{BC5C14EE-425D-4599-81E2-6E946B5BE8FF}.Release|Any CPU.Build.0 = Release|Any CPU
	EndGlobalSection
	GlobalSection(SolutionProperties) = preSolution
		HideSolutionNode = FALSE
	EndGlobalSection
	GlobalSection(ExtensibilityGlobals) = postSolution
		SolutionGuid = {B098E4C9-724F-44AA-8824-28CA5EA4EA3D}
	EndGlobalSection
EndGlobal
